
Microsoft Visual Studio Solution File, Format Version 12.00
# Visual Studio Version 17
VisualStudioVersion = 17.3.32901.215
MinimumVisualStudioVersion = 10.0.40219.1
Project("{9A19103F-16F7-4668-BE54-9A1E7A4F7556}") = "Consoler", "Consoler.csproj", "{BACFD892-D2BA-4D6C-8E74-12542F1D136B}"
EndProject
Project("{2150E333-8FDC-42A3-9474-1A3956D46DE8}") = "Elementy rozwiązania", "Elementy rozwiązania", "{00710E2E-699D-4D07-8AC2-8E90D3090E09}"
EndProject
Global
	GlobalSection(SolutionConfigurationPlatforms) = preSolution
		Debug|Any CPU = Debug|Any CPU
		Release|Any CPU = Release|Any CPU
	EndGlobalSection
	GlobalSection(ProjectConfigurationPlatforms) = postSolution
		{BACFD892-D2BA-4D6C-8E74-12542F1D136B}.Debug|Any CPU.ActiveCfg = Debug|Any CPU
		{BACFD892-D2BA-4D6C-8E74-12542F1D136B}.Debug|Any CPU.Build.0 = Debug|Any CPU
		{BACFD892-D2BA-4D6C-8E74-12542F1D136B}.Release|Any CPU.ActiveCfg = Release|Any CPU
		{BACFD892-D2BA-4D6C-8E74-12542F1D136B}.Release|Any CPU.Build.0 = Release|Any CPU
	EndGlobalSection
	GlobalSection(SolutionProperties) = preSolution
		HideSolutionNode = FALSE
	EndGlobalSection
	GlobalSection(ExtensibilityGlobals) = postSolution
		SolutionGuid = {969CFECB-DB31-4D64-894D-C6B3DFA68484}
	EndGlobalSection
EndGlobal
